github.com/coregx/signals v0.1.0 h1:ek6icAtUwjZKUO8K4OaYQn7Wftl+v03DHe1iePzkOsI=
github.com/coregx/signals v0.1.0/go.mod h1:ZTFOeupJF6b73QmxLcDqbB0V2f0TWnCyVkQlA+gMIm4=
github.com/go-webgpu/goffi v0.5.6 h1:jAN4ciR63DcpU/qdX4A3wbNvcpZ6AdFK+H7OB/1+9Lc=
github.com/go-webgpu/goffi v0.5.6/go.mod h1:wfoxNsJkU+5RFbV1kNN1kunhc1lFHuJKK3zpgx08/uM=
github.com/godbus/dbus/v5 v5.2.2 h1:TUR3TgtSVDmjiXOgAAyaZbYmIeP3DPkld3jgKGV8mXQ=
github.com/godbus/dbus/v5 v5.2.2/go.mod h1:3AAv2+hPq5rdnr5txxxRwiGjPXamgoIHgz9FPBfOp3c=
golang.org/x/sys v0.46.0 h1:noSf2Fq6F8DBgS+LysIkx7rIExoNHJsxOAtPp4rthXw=
golang.org/x/sys v0.46.0/go.mod h1:4GL1E5IUh+htKOUEOaiffhrAeqysfVGipDYzABqnCmw=
